// !$*UTF8*$!
{
	archiveVersion = 1;
	classes = {
	};
	objectVersion = 52;
	objects = {

/* Begin PBXBuildFile section */
		CD21908024F5E05F00793B66 /* IconModel.swift in Sources */ = {isa = PBXBuildFile; fileRef = CD21907F24F5E05F00793B66 /* IconModel.swift */; };
		CD53C94E24F344BA00568B80 /* AppDelegate.swift in Sources */ = {isa = PBXBuildFile; fileRef = CD53C94D24F344BA00568B80 /* AppDelegate.swift */; };
		CD53C95024F344BA00568B80 /* SceneDelegate.swift in Sources */ = {isa = PBXBuildFile; fileRef = CD53C94F24F344BA00568B80 /* SceneDelegate.swift */; };
		CD53C95224F344BA00568B80 /* ViewController.swift in Sources */ = {isa = PBXBuildFile; fileRef = CD53C95124F344BA00568B80 /* ViewController.swift */; };
		CD53C95524F344BA00568B80 /* Main.storyboard in Resources */ = {isa = PBXBuildFile; fileRef = CD53C95324F344BA00568B80 /* Main.storyboard */; };
		CD53C95924F344BB00568B80 /* Assets.xcassets in Resources */ = {isa = PBXBuildFile; fileRef = CD53C95824F344BB00568B80 /* Assets.xcassets */; };
		CD53C95C24F344BB00568B80 /* LaunchScreen.storyboard in Resources */ = {isa = PBXBuildFile; fileRef = CD53C95A24F344BB00568B80 /* LaunchScreen.storyboard */; };
		CD53C96424F3456400568B80 /* IconView.swift in Sources */ = {isa = PBXBuildFile; fileRef = CD53C96324F3456400568B80 /* IconView.swift */; };
		CDEEC42624F34F4C00ECDA7B /* BigNumber in Frameworks */ = {isa = PBXBuildFile; productRef = CDEEC42524F34F4C00ECDA7B /* BigNumber */; };
/* End PBXBuildFile section */

/* Begin PBXFileReference section */
		CD21907F24F5E05F00793B66 /* IconModel.swift */ = {isa = PBXFileReference; lastKnownFileType = sourcecode.swift; path = IconModel.swift; sourceTree = "<group>"; };
		CD53C94A24F344BA00568B80 /* AllTheIcons.app */ = {isa = PBXFileReference; explicitFileType = wrapper.application; includeInIndex = 0; path = AllTheIcons.app; sourceTree = BUILT_PRODUCTS_DIR; };
		CD53C94D24F344BA00568B80 /* AppDelegate.swift */ = {isa = PBXFileReference; lastKnownFileType = sourcecode.swift; path = AppDelegate.swift; sourceTree = "<group>"; };
		CD53C94F24F344BA00568B80 /* SceneDelegate.swift */ = {isa = PBXFileReference; lastKnownFileType = sourcecode.swift; path = SceneDelegate.swift; sourceTree = "<group>"; };
		CD53C95124F344BA00568B80 /* ViewController.swift */ = {isa = PBXFileReference; lastKnownFileType = sourcecode.swift; path = ViewController.swift; sourceTree = "<group>"; };
		CD53C95424F344BA00568B80 /* Base */ = {isa = PBXFileReference; lastKnownFileType = file.storyboard; name = Base; path = Base.lproj/Main.storyboard; sourceTree = "<group>"; };
		CD53C95824F344BB00568B80 /* Assets.xcassets */ = {isa = PBXFileReference; lastKnownFileType = folder.assetcatalog; path = Assets.xcassets; sourceTree = "<group>"; };
		CD53C95B24F344BB00568B80 /* Base */ = {isa = PBXFileReference; lastKnownFileType = file.storyboard; name = Base; path = Base.lproj/LaunchScreen.storyboard; sourceTree = "<group>"; };
		CD53C95D24F344BB00568B80 /* Info.plist */ = {isa = PBXFileReference; lastKnownFileType = text.plist.xml; path = Info.plist; sourceTree = "<group>"; };
		CD53C96324F3456400568B80 /* IconView.swift */ = {isa = PBXFileReference; lastKnownFileType = sourcecode.swift; path = IconView.swift; sourceTree = "<group>"; };
/* End PBXFileReference section */

/* Begin PBXFrameworksBuildPhase section */
		CD53C94724F344BA00568B80 /* Frameworks */ = {
			isa = PBXFrameworksBuildPhase;
			buildActionMask = 2147483647;
			files = (
				CDEEC42624F34F4C00ECDA7B /* BigNumber in Frameworks */,
			);
			runOnlyForDeploymentPostprocessing = 0;
		};
/* End PBXFrameworksBuildPhase section */

/* Begin PBXGroup section */
		CD53C94124F344BA00568B80 = {
			isa = PBXGroup;
			children = (
				CD53C94C24F344BA00568B80 /* AllTheIcons */,
				CD53C94B24F344BA00568B80 /* Products */,
			);
			sourceTree = "<group>";
		};
		CD53C94B24F344BA00568B80 /* Products */ = {
			isa = PBXGroup;
			children = (
				CD53C94A24F344BA00568B80 /* AllTheIcons.app */,
			);
			name = Products;
			sourceTree = "<group>";
		};
		CD53C94C24F344BA00568B80 /* AllTheIcons */ = {
			isa = PBXGroup;
			children = (
				CD53C94D24F344BA00568B80 /* AppDelegate.swift */,
				CD53C94F24F344BA00568B80 /* SceneDelegate.swift */,
				CD53C95124F344BA00568B80 /* ViewController.swift */,
				CD53C96324F3456400568B80 /* IconView.swift */,
				CD21907F24F5E05F00793B66 /* IconModel.swift */,
				CD53C95324F344BA00568B80 /* Main.storyboard */,
				CD53C95824F344BB00568B80 /* Assets.xcassets */,
				CD53C95A24F344BB00568B80 /* LaunchScreen.storyboard */,
				CD53C95D24F344BB00568B80 /* Info.plist */,
			);
			path = AllTheIcons;
			sourceTree = "<group>";
		};
/* End PBXGroup section */

/* Begin PBXNativeTarget section */
		CD53C94924F344BA00568B80 /* AllTheIcons */ = {
			isa = PBXNativeTarget;
			buildConfigurationList = CD53C96024F344BB00568B80 /* Build configuration list for PBXNativeTarget "AllTheIcons" */;
			buildPhases = (
				CD53C94624F344BA00568B80 /* Sources */,
				CD53C94724F344BA00568B80 /* Frameworks */,
				CD53C94824F344BA00568B80 /* Resources */,
			);
			buildRules = (
			);
			dependencies = (
			);
			name = AllTheIcons;
			packageProductDependencies = (
				CDEEC42524F34F4C00ECDA7B /* BigNumber */,
			);
			productName = AllTheIcons;
			productReference = CD53C94A24F344BA00568B80 /* AllTheIcons.app */;
			productType = "com.apple.product-type.application";
		};
/* End PBXNativeTarget section */

/* Begin PBXProject section */
		CD53C94224F344BA00568B80 /* Project object */ = {
			isa = PBXProject;
			attributes = {
				LastSwiftUpdateCheck = 1200;
				LastUpgradeCheck = 1200;
				TargetAttributes = {
					CD53C94924F344BA00568B80 = {
						CreatedOnToolsVersion = 12.0;
					};
				};
			};
			buildConfigurationList = CD53C94524F344BA00568B80 /* Build configuration list for PBXProject "AllTheIcons" */;
			compatibilityVersion = "Xcode 9.3";
			developmentRegion = en;
			hasScannedForEncodings = 0;
			knownRegions = (
				en,
				Base,
			);
			mainGroup = CD53C94124F344BA00568B80;
			packageReferences = (
				CDEEC42424F34F4C00ECDA7B /* XCRemoteSwiftPackageReference "Swift-BigInt" */,
			);
			productRefGroup = CD53C94B24F344BA00568B80 /* Products */;
			projectDirPath = "";
			projectRoot = "";
			targets = (
				CD53C94924F344BA00568B80 /* AllTheIcons */,
			);
		};
/* End PBXProject section */

/* Begin PBXResourcesBuildPhase section */
		CD53C94824F344BA00568B80 /* Resources */ = {
			isa = PBXResourcesBuildPhase;
			buildActionMask = 2147483647;
			files = (
				CD53C95C24F344BB00568B80 /* LaunchScreen.storyboard in Resources */,
				CD53C95924F344BB00568B80 /* Assets.xcassets in Resources */,
				CD53C95524F344BA00568B80 /* Main.storyboard in Resources */,
			);
			runOnlyForDeploymentPostprocessing = 0;
		};
/* End PBXResourcesBuildPhase section */

/* Begin PBXSourcesBuildPhase section */
		CD53C94624F344BA00568B80 /* Sources */ = {
			isa = PBXSourcesBuildPhase;
			buildActionMask = 2147483647;
			files = (
				CD21908024F5E05F00793B66 /* IconModel.swift in Sources */,
				CD53C95224F344BA00568B80 /* ViewController.swift in Sources */,
				CD53C96424F3456400568B80 /* IconView.swift in Sources */,
				CD53C94E24F344BA00568B80 /* AppDelegate.swift in Sources */,
				CD53C95024F344BA00568B80 /* SceneDelegate.swift in Sources */,
			);
			runOnlyForDeploymentPostprocessing = 0;
		};
/* End PBXSourcesBuildPhase section */

/* Begin PBXVariantGroup section */
		CD53C95324F344BA00568B80 /* Main.storyboard */ = {
			isa = PBXVariantGroup;
			children = (
				CD53C95424F344BA00568B80 /* Base */,
			);
			name = Main.storyboard;
			sourceTree = "<group>";
		};
		CD53C95A24F344BB00568B80 /* LaunchScreen.storyboard */ = {
			isa = PBXVariantGroup;
			children = (
				CD53C95B24F344BB00568B80 /* Base */,
			);
			name = LaunchScreen.storyboard;
			sourceTree = "<group>";
		};
/* End PBXVariantGroup section */

/* Begin XCBuildConfiguration section */
		CD53C95E24F344BB00568B80 /* Debug */ = {
			isa = XCBuildConfiguration;
			buildSettings = {
				ALWAYS_SEARCH_USER_PATHS = NO;
				CLANG_ANALYZER_NONNULL = YES;
				CLANG_ANALYZER_NUMBER_OBJECT_CONVERSION = YES_AGGRESSIVE;
				CLANG_CXX_LANGUAGE_STANDARD = "gnu++14";
				CLANG_CXX_LIBRARY = "libc++";
				CLANG_ENABLE_MODULES = YES;
				CLANG_ENABLE_OBJC_ARC = YES;
				CLANG_ENABLE_OBJC_WEAK = YES;
				CLANG_WARN_BLOCK_CAPTURE_AUTORELEASING = YES;
				CLANG_WARN_BOOL_CONVERSION = YES;
				CLANG_WARN_COMMA = YES;
				CLANG_WARN_CONSTANT_CONVERSION = YES;
				CLANG_WARN_DEPRECATED_OBJC_IMPLEMENTATIONS = YES;
				CLANG_WARN_DIRECT_OBJC_ISA_USAGE = YES_ERROR;
				CLANG_WARN_DOCUMENTATION_COMMENTS = YES;
				CLANG_WARN_EMPTY_BODY = YES;
				CLANG_WARN_ENUM_CONVERSION = YES;
				CLANG_WARN_INFINITE_RECURSION = YES;
				CLANG_WARN_INT_CONVERSION = YES;
				CLANG_WARN_NON_LITERAL_NULL_CONVERSION = YES;
				CLANG_WARN_OBJC_IMPLICIT_RETAIN_SELF = YES;
				CLANG_WARN_OBJC_LITERAL_CONVERSION = YES;
				CLANG_WARN_OBJC_ROOT_CLASS = YES_ERROR;
				CLANG_WARN_QUOTED_INCLUDE_IN_FRAMEWORK_HEADER = YES;
				CLANG_WARN_RANGE_LOOP_ANALYSIS = YES;
				CLANG_WARN_STRICT_PROTOTYPES = YES;
				CLANG_WARN_SUSPICIOUS_MOVE = YES;
				CLANG_WARN_UNGUARDED_AVAILABILITY = YES_AGGRESSIVE;
				CLANG_WARN_UNREACHABLE_CODE = YES;
				CLANG_WARN__DUPLICATE_METHOD_MATCH = YES;
				COPY_PHASE_STRIP = NO;
				DEBUG_INFORMATION_FORMAT = dwarf;
				ENABLE_STRICT_OBJC_MSGSEND = YES;
				ENABLE_TESTABILITY = YES;
				GCC_C_LANGUAGE_STANDARD = gnu11;
				GCC_DYNAMIC_NO_PIC = NO;
				GCC_NO_COMMON_BLOCKS = YES;
				GCC_OPTIMIZATION_LEVEL = 0;
				GCC_PREPROCESSOR_DEFINITIONS = (
					"DEBUG=1",
					"$(inherited)",
				);
				GCC_WARN_64_TO_32_BIT_CONVERSION = YES;
				GCC_WARN_ABOUT_RETURN_TYPE = YES_ERROR;
				GCC_WARN_UNDECLARED_SELECTOR = YES;
				GCC_WARN_UNINITIALIZED_AUTOS = YES_AGGRESSIVE;
				GCC_WARN_UNUSED_FUNCTION = YES;
				GCC_WARN_UNUSED_VARIABLE = YES;
				IPHONEOS_DEPLOYMENT_TARGET = 14.0;
				MTL_ENABLE_DEBUG_INFO = INCLUDE_SOURCE;
				MTL_FAST_MATH = YES;
				ONLY_ACTIVE_ARCH = YES;
				SDKROOT = iphoneos;
				SWIFT_ACTIVE_COMPILATION_CONDITIONS = DEBUG;
				SWIFT_OPTIMIZATION_LEVEL = "-Onone";
			};
			name = Debug;
		};
		CD53C95F24F344BB00568B80 /* Release */ = {
			isa = XCBuildConfiguration;
			buildSettings = {
				ALWAYS_SEARCH_USER_PATHS = NO;
				CLANG_ANALYZER_NONNULL = YES;
				CLANG_ANALYZER_NUMBER_OBJECT_CONVERSION = YES_AGGRESSIVE;
				CLANG_CXX_LANGUAGE_STANDARD = "gnu++14";
				CLANG_CXX_LIBRARY = "libc++";
				CLANG_ENABLE_MODULES = YES;
				CLANG_ENABLE_OBJC_ARC = YES;
				CLANG_ENABLE_OBJC_WEAK = YES;
				CLANG_WARN_BLOCK_CAPTURE_AUTORELEASING = YES;
				CLANG_WARN_BOOL_CONVERSION = YES;
				CLANG_WARN_COMMA = YES;
				CLANG_WARN_CONSTANT_CONVERSION = YES;
				CLANG_WARN_DEPRECATED_OBJC_IMPLEMENTATIONS = YES;
				CLANG_WARN_DIRECT_OBJC_ISA_USAGE = YES_ERROR;
				CLANG_WARN_DOCUMENTATION_COMMENTS = YES;
				CLANG_WARN_EMPTY_BODY = YES;
				CLANG_WARN_ENUM_CONVERSION = YES;
				CLANG_WARN_INFINITE_RECURSION = YES;
				CLANG_WARN_INT_CONVERSION = YES;
				CLANG_WARN_NON_LITERAL_NULL_CONVERSION = YES;
				CLANG_WARN_OBJC_IMPLICIT_RETAIN_SELF = YES;
				CLANG_WARN_OBJC_LITERAL_CONVERSION = YES;
				CLANG_WARN_OBJC_ROOT_CLASS = YES_ERROR;
				CLANG_WARN_QUOTED_INCLUDE_IN_FRAMEWORK_HEADER = YES;
				CLANG_WARN_RANGE_LOOP_ANALYSIS = YES;
				CLANG_WARN_STRICT_PROTOTYPES = YES;
				CLANG_WARN_SUSPICIOUS_MOVE = YES;
				CLANG_WARN_UNGUARDED_AVAILABILITY = YES_AGGRESSIVE;
				CLANG_WARN_UNREACHABLE_CODE = YES;
				CLANG_WARN__DUPLICATE_METHOD_MATCH = YES;
				COPY_PHASE_STRIP = NO;
				DEBUG_INFORMATION_FORMAT = "dwarf-with-dsym";
				ENABLE_NS_ASSERTIONS = NO;
				ENABLE_STRICT_OBJC_MSGSEND = YES;
				GCC_C_LANGUAGE_STANDARD = gnu11;
				GCC_NO_COMMON_BLOCKS = YES;
				GCC_WARN_64_TO_32_BIT_CONVERSION = YES;
				GCC_WARN_ABOUT_RETURN_TYPE = YES_ERROR;
				GCC_WARN_UNDECLARED_SELECTOR = YES;
				GCC_WARN_UNINITIALIZED_AUTOS = YES_AGGRESSIVE;
				GCC_WARN_UNUSED_FUNCTION = YES;
				GCC_WARN_UNUSED_VARIABLE = YES;
				IPHONEOS_DEPLOYMENT_TARGET = 14.0;
				MTL_ENABLE_DEBUG_INFO = NO;
				MTL_FAST_MATH = YES;
				SDKROOT = iphoneos;
				SWIFT_COMPILATION_MODE = wholemodule;
				SWIFT_OPTIMIZATION_LEVEL = "-O";
				VALIDATE_PRODUCT = YES;
			};
			name = Release;
		};
		CD53C96124F344BB00568B80 /* Debug */ = {
			isa = XCBuildConfiguration;
			buildSettings = {
				ASSETCATALOG_COMPILER_APPICON_NAME = AppIcon;
				ASSETCATALOG_COMPILER_GLOBAL_ACCENT_COLOR_NAME = AccentColor;
				CODE_SIGN_STYLE = Automatic;
				DEVELOPMENT_TEAM = 2KJHM26Y46;
				INFOPLIST_FILE = AllTheIcons/Info.plist;
				LD_RUNPATH_SEARCH_PATHS = (
					"$(inherited)",
					"@executable_path/Frameworks",
				);
				PRODUCT_BUNDLE_IDENTIFIER = com.zeveisenberg.AllTheIcons;
				PRODUCT_NAME = "$(TARGET_NAME)";
				SWIFT_VERSION = 5.0;
				TARGETED_DEVICE_FAMILY = "1,2";
			};
			name = Debug;
		};
		CD53C96224F344BB00568B80 /* Release */ = {
			isa = XCBuildConfiguration;
			buildSettings = {
				ASSETCATALOG_COMPILER_APPICON_NAME = AppIcon;
				ASSETCATALOG_COMPILER_GLOBAL_ACCENT_COLOR_NAME = AccentColor;
				CODE_SIGN_STYLE = Automatic;
				DEVELOPMENT_TEAM = 2KJHM26Y46;
				INFOPLIST_FILE = AllTheIcons/Info.plist;
				LD_RUNPATH_SEARCH_PATHS = (
					"$(inherited)",
					"@executable_path/Frameworks",
				);
				PRODUCT_BUNDLE_IDENTIFIER = com.zeveisenberg.AllTheIcons;
				PRODUCT_NAME = "$(TARGET_NAME)";
				SWIFT_VERSION = 5.0;
				TARGETED_DEVICE_FAMILY = "1,2";
			};
			name = Release;
		};
/* End XCBuildConfiguration section */

/* Begin XCConfigurationList section */
		CD53C94524F344BA00568B80 /* Build configuration list for PBXProject "AllTheIcons" */ = {
			isa = XCConfigurationList;
			buildConfigurations = (
				CD53C95E24F344BB00568B80 /* Debug */,
				CD53C95F24F344BB00568B80 /* Release */,
			);
			defaultConfigurationIsVisible = 0;
			defaultConfigurationName = Release;
		};
		CD53C96024F344BB00568B80 /* Build configuration list for PBXNativeTarget "AllTheIcons" */ = {
			isa = XCConfigurationList;
			buildConfigurations = (
				CD53C96124F344BB00568B80 /* Debug */,
				CD53C96224F344BB00568B80 /* Release */,
			);
			defaultConfigurationIsVisible = 0;
			defaultConfigurationName = Release;
		};
/* End XCConfigurationList section */

/* Begin XCRemoteSwiftPackageReference section */
		CDEEC42424F34F4C00ECDA7B /* XCRemoteSwiftPackageReference "Swift-BigInt" */ = {
			isa = XCRemoteSwiftPackageReference;
			repositoryURL = "git@github.com:mkrd/Swift-BigInt.git";
			requirement = {
				branch = master;
				kind = branch;
			};
		};
/* End XCRemoteSwiftPackageReference section */

/* Begin XCSwiftPackageProductDependency section */
		CDEEC42524F34F4C00ECDA7B /* BigNumber */ = {
			isa = XCSwiftPackageProductDependency;
			package = CDEEC42424F34F4C00ECDA7B /* XCRemoteSwiftPackageReference "Swift-BigInt" */;
			productName = BigNumber;
		};
/* End XCSwiftPackageProductDependency section */
	};
	rootObject = CD53C94224F344BA00568B80 /* Project object */;
}
